id: deconstruct_packets_new
label: Deconstruct Packets New
category: '[GRC Hier Blocks]'

parameters:
-   id: header_mod
    label: Header Constellation
    dtype: raw
    default: digital.constellation_bpsk()
    hide: none
-   id: multiply
    label: Multiply Post-OFDM
    dtype: raw
    default: '1'
    hide: none
-   id: payload_mod
    label: Payload Constellation
    dtype: raw
    default: digital.constellation_bpsk()
    hide: none
-   id: samp_rate
    label: Sample Rate
    dtype: raw
    default: '20000000'
    hide: none

inputs:
-   label: in
    dtype: complex
    vlen: 1

outputs:
-   label: out
    dtype: byte
    vlen: 1

templates:
    imports: 'from deconstruct_packets_new import deconstruct_packets_new  # grc-generated
        hier_block'
    make: "deconstruct_packets_new(\n    header_mod=${ header_mod },\n    multiply=${\
        \ multiply },\n    payload_mod=${ payload_mod },\n    samp_rate=${ samp_rate\
        \ },\n)"
    callbacks:
    - set_header_mod(${ header_mod })
    - set_multiply(${ multiply })
    - set_payload_mod(${ payload_mod })
    - set_samp_rate(${ samp_rate })

documentation: 'Ryan

    /media/ryan/New Volume/Senior Design/Main Program - Version 1.0/Original GRC/deconstruct_packets_new.py'
grc_source: /media/ryan/New Volume/Senior Design/Main Program - Version 1.0/Original
    GRC/deconstruct_packets_FEC_New.grc

file_format: 1
